
Microsoft Visual Studio Solution File, Format Version 12.00
# Visual Studio Version 16
VisualStudioVersion = 16.0.31911.196
MinimumVisualStudioVersion = 10.0.40219.1
Project("{FAE04EC0-301F-11D3-BF4B-00C04F79EFBC}") = "Paint", "Paint\Paint.csproj", "{3FC156C2-B4C2-48CE-A7CA-AA324833718E}"
EndProject
Project("{FAE04EC0-301F-11D3-BF4B-00C04F79EFBC}") = "Contract", "Contract\Contract.csproj", "{AADDAE2F-EA5B-4BF1-BCA0-DB4F06B793E6}"
EndProject
Global
	GlobalSection(SolutionConfigurationPlatforms) = preSolution
		Debug|Any CPU = Debug|Any CPU
		Release|Any CPU = Release|Any CPU
	EndGlobalSection
	GlobalSection(ProjectConfigurationPlatforms) = postSolution
		{3FC156C2-B4C2-48CE-A7CA-AA324833718E}.Debug|Any CPU.ActiveCfg = Debug|Any CPU
		{3FC156C2-B4C2-48CE-A7CA-AA324833718E}.Debug|Any CPU.Build.0 = Debug|Any CPU
		{3FC156C2-B4C2-48CE-A7CA-AA324833718E}.Release|Any CPU.ActiveCfg = Release|Any CPU
		{3FC156C2-B4C2-48CE-A7CA-AA324833718E}.Release|Any CPU.Build.0 = Release|Any CPU
		{AADDAE2F-EA5B-4BF1-BCA0-DB4F06B793E6}.Debug|Any CPU.ActiveCfg = Debug|Any CPU
		{AADDAE2F-EA5B-4BF1-BCA0-DB4F06B793E6}.Debug|Any CPU.Build.0 = Debug|Any CPU
		{AADDAE2F-EA5B-4BF1-BCA0-DB4F06B793E6}.Release|Any CPU.ActiveCfg = Release|Any CPU
		{AADDAE2F-EA5B-4BF1-BCA0-DB4F06B793E6}.Release|Any CPU.Build.0 = Release|Any CPU
	EndGlobalSection
	GlobalSection(SolutionProperties) = preSolution
		HideSolutionNode = FALSE
	EndGlobalSection
	GlobalSection(ExtensibilityGlobals) = postSolution
		SolutionGuid = {3FF8FF0A-2116-4C38-B9C4-EEB64A88E20B}
	EndGlobalSection
EndGlobal
